// !$*UTF8*$!
{
	archiveVersion = 1;
	classes = {
	};
	objectVersion = 50;
	objects = {

/* Begin PBXBuildFile section */
		6480C050232BF2D000942E69 /* RoutedService.h in Headers */ = {isa = PBXBuildFile; fileRef = 6480C04E232BF2D000942E69 /* RoutedService.h */; settings = {ATTRIBUTES = (Public, ); }; };
		6480C06A232BF3A700942E69 /* RoutedCodableService.swift in Sources */ = {isa = PBXBuildFile; fileRef = 6480C062232BF3A700942E69 /* RoutedCodableService.swift */; };
		6480C06B232BF3A700942E69 /* RoutedDataService+RxSwift.swift in Sources */ = {isa = PBXBuildFile; fileRef = 6480C063232BF3A700942E69 /* RoutedDataService+RxSwift.swift */; };
		6480C06C232BF3A700942E69 /* RoutedDataService.swift in Sources */ = {isa = PBXBuildFile; fileRef = 6480C064232BF3A700942E69 /* RoutedDataService.swift */; };
		6480C06D232BF3A700942E69 /* URLRequestRouter.swift in Sources */ = {isa = PBXBuildFile; fileRef = 6480C065232BF3A700942E69 /* URLRequestRouter.swift */; };
		6480C06E232BF3A700942E69 /* URLRouter.swift in Sources */ = {isa = PBXBuildFile; fileRef = 6480C066232BF3A700942E69 /* URLRouter.swift */; };
		6480C06F232BF3A700942E69 /* RoutedCodableService+RxSwift.swift in Sources */ = {isa = PBXBuildFile; fileRef = 6480C067232BF3A700942E69 /* RoutedCodableService+RxSwift.swift */; };
		6480C070232BF3A700942E69 /* ServiceError.swift in Sources */ = {isa = PBXBuildFile; fileRef = 6480C068232BF3A700942E69 /* ServiceError.swift */; };
		6480C071232BF3A700942E69 /* RouterService.swift in Sources */ = {isa = PBXBuildFile; fileRef = 6480C069232BF3A700942E69 /* RouterService.swift */; };
		6480C073232BF3D100942E69 /* CustomCodable.swift in Sources */ = {isa = PBXBuildFile; fileRef = 6480C072232BF3D000942E69 /* CustomCodable.swift */; };
/* End PBXBuildFile section */

/* Begin PBXFileReference section */
		6480C04B232BF2D000942E69 /* RoutedService.framework */ = {isa = PBXFileReference; explicitFileType = wrapper.framework; includeInIndex = 0; path = RoutedService.framework; sourceTree = BUILT_PRODUCTS_DIR; };
		6480C04E232BF2D000942E69 /* RoutedService.h */ = {isa = PBXFileReference; lastKnownFileType = sourcecode.c.h; path = RoutedService.h; sourceTree = "<group>"; };
		6480C04F232BF2D000942E69 /* Info.plist */ = {isa = PBXFileReference; lastKnownFileType = text.plist.xml; path = Info.plist; sourceTree = "<group>"; };
		6480C062232BF3A700942E69 /* RoutedCodableService.swift */ = {isa = PBXFileReference; fileEncoding = 4; lastKnownFileType = sourcecode.swift; name = RoutedCodableService.swift; path = ../../ChallengeHomeAway/NetworkAPI/RoutedCodableService.swift; sourceTree = "<group>"; };
		6480C063232BF3A700942E69 /* RoutedDataService+RxSwift.swift */ = {isa = PBXFileReference; fileEncoding = 4; lastKnownFileType = sourcecode.swift; name = "RoutedDataService+RxSwift.swift"; path = "../../ChallengeHomeAway/NetworkAPI/RoutedDataService+RxSwift.swift"; sourceTree = "<group>"; };
		6480C064232BF3A700942E69 /* RoutedDataService.swift */ = {isa = PBXFileReference; fileEncoding = 4; lastKnownFileType = sourcecode.swift; name = RoutedDataService.swift; path = ../../ChallengeHomeAway/NetworkAPI/RoutedDataService.swift; sourceTree = "<group>"; };
		6480C065232BF3A700942E69 /* URLRequestRouter.swift */ = {isa = PBXFileReference; fileEncoding = 4; lastKnownFileType = sourcecode.swift; name = URLRequestRouter.swift; path = ../../ChallengeHomeAway/NetworkAPI/URLRequestRouter.swift; sourceTree = "<group>"; };
		6480C066232BF3A700942E69 /* URLRouter.swift */ = {isa = PBXFileReference; fileEncoding = 4; lastKnownFileType = sourcecode.swift; name = URLRouter.swift; path = ../../ChallengeHomeAway/NetworkAPI/URLRouter.swift; sourceTree = "<group>"; };
		6480C067232BF3A700942E69 /* RoutedCodableService+RxSwift.swift */ = {isa = PBXFileReference; fileEncoding = 4; lastKnownFileType = sourcecode.swift; name = "RoutedCodableService+RxSwift.swift"; path = "../../ChallengeHomeAway/NetworkAPI/RoutedCodableService+RxSwift.swift"; sourceTree = "<group>"; };
		6480C068232BF3A700942E69 /* ServiceError.swift */ = {isa = PBXFileReference; fileEncoding = 4; lastKnownFileType = sourcecode.swift; name = ServiceError.swift; path = ../../ChallengeHomeAway/NetworkAPI/ServiceError.swift; sourceTree = "<group>"; };
		6480C069232BF3A700942E69 /* RouterService.swift */ = {isa = PBXFileReference; fileEncoding = 4; lastKnownFileType = sourcecode.swift; name = RouterService.swift; path = ../../ChallengeHomeAway/NetworkAPI/RouterService.swift; sourceTree = "<group>"; };
		6480C072232BF3D000942E69 /* CustomCodable.swift */ = {isa = PBXFileReference; fileEncoding = 4; lastKnownFileType = sourcecode.swift; name = CustomCodable.swift; path = ../../ChallengeHomeAway/NetworkAPI/CustomCodable.swift; sourceTree = "<group>"; };
		6480C074232BF4E600942E69 /* Package.swift */ = {isa = PBXFileReference; lastKnownFileType = sourcecode.swift; path = Package.swift; sourceTree = "<group>"; };
/* End PBXFileReference section */

/* Begin PBXFrameworksBuildPhase section */
		6480C048232BF2D000942E69 /* Frameworks */ = {
			isa = PBXFrameworksBuildPhase;
			buildActionMask = 2147483647;
			files = (
			);
			runOnlyForDeploymentPostprocessing = 0;
		};
/* End PBXFrameworksBuildPhase section */

/* Begin PBXGroup section */
		6480C041232BF2D000942E69 = {
			isa = PBXGroup;
			children = (
				6480C074232BF4E600942E69 /* Package.swift */,
				6480C04F232BF2D000942E69 /* Info.plist */,
				6480C04D232BF2D000942E69 /* Sources */,
				6480C04C232BF2D000942E69 /* Products */,
			);
			sourceTree = "<group>";
		};
		6480C04C232BF2D000942E69 /* Products */ = {
			isa = PBXGroup;
			children = (
				6480C04B232BF2D000942E69 /* RoutedService.framework */,
			);
			name = Products;
			sourceTree = "<group>";
		};
		6480C04D232BF2D000942E69 /* Sources */ = {
			isa = PBXGroup;
			children = (
				6480C04E232BF2D000942E69 /* RoutedService.h */,
				6480C072232BF3D000942E69 /* CustomCodable.swift */,
				6480C062232BF3A700942E69 /* RoutedCodableService.swift */,
				6480C067232BF3A700942E69 /* RoutedCodableService+RxSwift.swift */,
				6480C064232BF3A700942E69 /* RoutedDataService.swift */,
				6480C063232BF3A700942E69 /* RoutedDataService+RxSwift.swift */,
				6480C069232BF3A700942E69 /* RouterService.swift */,
				6480C068232BF3A700942E69 /* ServiceError.swift */,
				6480C065232BF3A700942E69 /* URLRequestRouter.swift */,
				6480C066232BF3A700942E69 /* URLRouter.swift */,
			);
			path = Sources;
			sourceTree = "<group>";
		};
/* End PBXGroup section */

/* Begin PBXHeadersBuildPhase section */
		6480C046232BF2D000942E69 /* Headers */ = {
			isa = PBXHeadersBuildPhase;
			buildActionMask = 2147483647;
			files = (
				6480C050232BF2D000942E69 /* RoutedService.h in Headers */,
			);
			runOnlyForDeploymentPostprocessing = 0;
		};
/* End PBXHeadersBuildPhase section */

/* Begin PBXNativeTarget section */
		6480C04A232BF2D000942E69 /* RoutedService */ = {
			isa = PBXNativeTarget;
			buildConfigurationList = 6480C053232BF2D000942E69 /* Build configuration list for PBXNativeTarget "RoutedService" */;
			buildPhases = (
				6480C046232BF2D000942E69 /* Headers */,
				6480C047232BF2D000942E69 /* Sources */,
				6480C048232BF2D000942E69 /* Frameworks */,
				6480C049232BF2D000942E69 /* Resources */,
			);
			buildRules = (
			);
			dependencies = (
			);
			name = RoutedService;
			productName = RoutedService;
			productReference = 6480C04B232BF2D000942E69 /* RoutedService.framework */;
			productType = "com.apple.product-type.framework";
		};
/* End PBXNativeTarget section */

/* Begin PBXProject section */
		6480C042232BF2D000942E69 /* Project object */ = {
			isa = PBXProject;
			attributes = {
				LastUpgradeCheck = 1100;
				ORGANIZATIONNAME = "Manuel Vrhovac";
				TargetAttributes = {
					6480C04A232BF2D000942E69 = {
						CreatedOnToolsVersion = 11.0;
						LastSwiftMigration = 1100;
					};
				};
			};
			buildConfigurationList = 6480C045232BF2D000942E69 /* Build configuration list for PBXProject "RoutedService" */;
			compatibilityVersion = "Xcode 9.3";
			developmentRegion = en;
			hasScannedForEncodings = 0;
			knownRegions = (
				en,
				Base,
			);
			mainGroup = 6480C041232BF2D000942E69;
			productRefGroup = 6480C04C232BF2D000942E69 /* Products */;
			projectDirPath = "";
			projectRoot = "";
			targets = (
				6480C04A232BF2D000942E69 /* RoutedService */,
			);
		};
/* End PBXProject section */

/* Begin PBXResourcesBuildPhase section */
		6480C049232BF2D000942E69 /* Resources */ = {
			isa = PBXResourcesBuildPhase;
			buildActionMask = 2147483647;
			files = (
			);
			runOnlyForDeploymentPostprocessing = 0;
		};
/* End PBXResourcesBuildPhase section */

/* Begin PBXSourcesBuildPhase section */
		6480C047232BF2D000942E69 /* Sources */ = {
			isa = PBXSourcesBuildPhase;
			buildActionMask = 2147483647;
			files = (
				6480C071232BF3A700942E69 /* RouterService.swift in Sources */,
				6480C06B232BF3A700942E69 /* RoutedDataService+RxSwift.swift in Sources */,
				6480C06C232BF3A700942E69 /* RoutedDataService.swift in Sources */,
				6480C06E232BF3A700942E69 /* URLRouter.swift in Sources */,
				6480C06F232BF3A700942E69 /* RoutedCodableService+RxSwift.swift in Sources */,
				6480C06D232BF3A700942E69 /* URLRequestRouter.swift in Sources */,
				6480C073232BF3D100942E69 /* CustomCodable.swift in Sources */,
				6480C070232BF3A700942E69 /* ServiceError.swift in Sources */,
				6480C06A232BF3A700942E69 /* RoutedCodableService.swift in Sources */,
			);
			runOnlyForDeploymentPostprocessing = 0;
		};
/* End PBXSourcesBuildPhase section */

/* Begin XCBuildConfiguration section */
		6480C051232BF2D000942E69 /* Debug */ = {
			isa = XCBuildConfiguration;
			buildSettings = {
				ALWAYS_SEARCH_USER_PATHS = NO;
				CLANG_ANALYZER_NONNULL = YES;
				CLANG_ANALYZER_NUMBER_OBJECT_CONVERSION = YES_AGGRESSIVE;
				CLANG_CXX_LANGUAGE_STANDARD = "gnu++14";
				CLANG_CXX_LIBRARY = "libc++";
				CLANG_ENABLE_MODULES = YES;
				CLANG_ENABLE_OBJC_ARC = YES;
				CLANG_ENABLE_OBJC_WEAK = YES;
				CLANG_WARN_BLOCK_CAPTURE_AUTORELEASING = YES;
				CLANG_WARN_BOOL_CONVERSION = YES;
				CLANG_WARN_COMMA = YES;
				CLANG_WARN_CONSTANT_CONVERSION = YES;
				CLANG_WARN_DEPRECATED_OBJC_IMPLEMENTATIONS = YES;
				CLANG_WARN_DIRECT_OBJC_ISA_USAGE = YES_ERROR;
				CLANG_WARN_DOCUMENTATION_COMMENTS = YES;
				CLANG_WARN_EMPTY_BODY = YES;
				CLANG_WARN_ENUM_CONVERSION = YES;
				CLANG_WARN_INFINITE_RECURSION = YES;
				CLANG_WARN_INT_CONVERSION = YES;
				CLANG_WARN_NON_LITERAL_NULL_CONVERSION = YES;
				CLANG_WARN_OBJC_IMPLICIT_RETAIN_SELF = YES;
				CLANG_WARN_OBJC_LITERAL_CONVERSION = YES;
				CLANG_WARN_OBJC_ROOT_CLASS = YES_ERROR;
				CLANG_WARN_RANGE_LOOP_ANALYSIS = YES;
				CLANG_WARN_STRICT_PROTOTYPES = YES;
				CLANG_WARN_SUSPICIOUS_MOVE = YES;
				CLANG_WARN_UNGUARDED_AVAILABILITY = YES_AGGRESSIVE;
				CLANG_WARN_UNREACHABLE_CODE = YES;
				CLANG_WARN__DUPLICATE_METHOD_MATCH = YES;
				COPY_PHASE_STRIP = NO;
				CURRENT_PROJECT_VERSION = 1;
				DEBUG_INFORMATION_FORMAT = dwarf;
				ENABLE_STRICT_OBJC_MSGSEND = YES;
				ENABLE_TESTABILITY = YES;
				GCC_C_LANGUAGE_STANDARD = gnu11;
				GCC_DYNAMIC_NO_PIC = NO;
				GCC_NO_COMMON_BLOCKS = YES;
				GCC_OPTIMIZATION_LEVEL = 0;
				GCC_PREPROCESSOR_DEFINITIONS = (
					"DEBUG=1",
					"$(inherited)",
				);
				GCC_WARN_64_TO_32_BIT_CONVERSION = YES;
				GCC_WARN_ABOUT_RETURN_TYPE = YES_ERROR;
				GCC_WARN_UNDECLARED_SELECTOR = YES;
				GCC_WARN_UNINITIALIZED_AUTOS = YES_AGGRESSIVE;
				GCC_WARN_UNUSED_FUNCTION = YES;
				GCC_WARN_UNUSED_VARIABLE = YES;
				IPHONEOS_DEPLOYMENT_TARGET = 13.0;
				MTL_ENABLE_DEBUG_INFO = INCLUDE_SOURCE;
				MTL_FAST_MATH = YES;
				ONLY_ACTIVE_ARCH = YES;
				SDKROOT = iphoneos;
				SWIFT_ACTIVE_COMPILATION_CONDITIONS = DEBUG;
				SWIFT_OPTIMIZATION_LEVEL = "-Onone";
				VERSIONING_SYSTEM = "apple-generic";
				VERSION_INFO_PREFIX = "";
			};
			name = Debug;
		};
		6480C052232BF2D000942E69 /* Release */ = {
			isa = XCBuildConfiguration;
			buildSettings = {
				ALWAYS_SEARCH_USER_PATHS = NO;
				CLANG_ANALYZER_NONNULL = YES;
				CLANG_ANALYZER_NUMBER_OBJECT_CONVERSION = YES_AGGRESSIVE;
				CLANG_CXX_LANGUAGE_STANDARD = "gnu++14";
				CLANG_CXX_LIBRARY = "libc++";
				CLANG_ENABLE_MODULES = YES;
				CLANG_ENABLE_OBJC_ARC = YES;
				CLANG_ENABLE_OBJC_WEAK = YES;
				CLANG_WARN_BLOCK_CAPTURE_AUTORELEASING = YES;
				CLANG_WARN_BOOL_CONVERSION = YES;
				CLANG_WARN_COMMA = YES;
				CLANG_WARN_CONSTANT_CONVERSION = YES;
				CLANG_WARN_DEPRECATED_OBJC_IMPLEMENTATIONS = YES;
				CLANG_WARN_DIRECT_OBJC_ISA_USAGE = YES_ERROR;
				CLANG_WARN_DOCUMENTATION_COMMENTS = YES;
				CLANG_WARN_EMPTY_BODY = YES;
				CLANG_WARN_ENUM_CONVERSION = YES;
				CLANG_WARN_INFINITE_RECURSION = YES;
				CLANG_WARN_INT_CONVERSION = YES;
				CLANG_WARN_NON_LITERAL_NULL_CONVERSION = YES;
				CLANG_WARN_OBJC_IMPLICIT_RETAIN_SELF = YES;
				CLANG_WARN_OBJC_LITERAL_CONVERSION = YES;
				CLANG_WARN_OBJC_ROOT_CLASS = YES_ERROR;
				CLANG_WARN_RANGE_LOOP_ANALYSIS = YES;
				CLANG_WARN_STRICT_PROTOTYPES = YES;
				CLANG_WARN_SUSPICIOUS_MOVE = YES;
				CLANG_WARN_UNGUARDED_AVAILABILITY = YES_AGGRESSIVE;
				CLANG_WARN_UNREACHABLE_CODE = YES;
				CLANG_WARN__DUPLICATE_METHOD_MATCH = YES;
				COPY_PHASE_STRIP = NO;
				CURRENT_PROJECT_VERSION = 1;
				DEBUG_INFORMATION_FORMAT = "dwarf-with-dsym";
				ENABLE_NS_ASSERTIONS = NO;
				ENABLE_STRICT_OBJC_MSGSEND = YES;
				GCC_C_LANGUAGE_STANDARD = gnu11;
				GCC_NO_COMMON_BLOCKS = YES;
				GCC_WARN_64_TO_32_BIT_CONVERSION = YES;
				GCC_WARN_ABOUT_RETURN_TYPE = YES_ERROR;
				GCC_WARN_UNDECLARED_SELECTOR = YES;
				GCC_WARN_UNINITIALIZED_AUTOS = YES_AGGRESSIVE;
				GCC_WARN_UNUSED_FUNCTION = YES;
				GCC_WARN_UNUSED_VARIABLE = YES;
				IPHONEOS_DEPLOYMENT_TARGET = 13.0;
				MTL_ENABLE_DEBUG_INFO = NO;
				MTL_FAST_MATH = YES;
				SDKROOT = iphoneos;
				SWIFT_COMPILATION_MODE = wholemodule;
				SWIFT_OPTIMIZATION_LEVEL = "-O";
				VALIDATE_PRODUCT = YES;
				VERSIONING_SYSTEM = "apple-generic";
				VERSION_INFO_PREFIX = "";
			};
			name = Release;
		};
		6480C054232BF2D000942E69 /* Debug */ = {
			isa = XCBuildConfiguration;
			buildSettings = {
				CLANG_ENABLE_MODULES = YES;
				CODE_SIGN_STYLE = Automatic;
				DEFINES_MODULE = YES;
				DEVELOPMENT_TEAM = CTG4693F3N;
				DYLIB_COMPATIBILITY_VERSION = 1;
				DYLIB_CURRENT_VERSION = 1;
				DYLIB_INSTALL_NAME_BASE = "@rpath";
				INFOPLIST_FILE = Info.plist;
				INSTALL_PATH = "$(LOCAL_LIBRARY_DIR)/Frameworks";
				IPHONEOS_DEPLOYMENT_TARGET = 10.0;
				LD_RUNPATH_SEARCH_PATHS = (
					"$(inherited)",
					"@executable_path/Frameworks",
					"@loader_path/Frameworks",
				);
				MARKETING_VERSION = 0.9.1;
				PRODUCT_BUNDLE_IDENTIFIER = com.manvrh.RoutedService;
				PRODUCT_NAME = "$(TARGET_NAME:c99extidentifier)";
				SKIP_INSTALL = YES;
				SWIFT_OPTIMIZATION_LEVEL = "-Onone";
				SWIFT_VERSION = 5.0;
				TARGETED_DEVICE_FAMILY = "1,2";
			};
			name = Debug;
		};
		6480C055232BF2D000942E69 /* Release */ = {
			isa = XCBuildConfiguration;
			buildSettings = {
				CLANG_ENABLE_MODULES = YES;
				CODE_SIGN_STYLE = Automatic;
				DEFINES_MODULE = YES;
				DEVELOPMENT_TEAM = CTG4693F3N;
				DYLIB_COMPATIBILITY_VERSION = 1;
				DYLIB_CURRENT_VERSION = 1;
				DYLIB_INSTALL_NAME_BASE = "@rpath";
				INFOPLIST_FILE = Info.plist;
				INSTALL_PATH = "$(LOCAL_LIBRARY_DIR)/Frameworks";
				IPHONEOS_DEPLOYMENT_TARGET = 10.0;
				LD_RUNPATH_SEARCH_PATHS = (
					"$(inherited)",
					"@executable_path/Frameworks",
					"@loader_path/Frameworks",
				);
				MARKETING_VERSION = 0.9.1;
				PRODUCT_BUNDLE_IDENTIFIER = com.manvrh.RoutedService;
				PRODUCT_NAME = "$(TARGET_NAME:c99extidentifier)";
				SKIP_INSTALL = YES;
				SWIFT_VERSION = 5.0;
				TARGETED_DEVICE_FAMILY = "1,2";
			};
			name = Release;
		};
/* End XCBuildConfiguration section */

/* Begin XCConfigurationList section */
		6480C045232BF2D000942E69 /* Build configuration list for PBXProject "RoutedService" */ = {
			isa = XCConfigurationList;
			buildConfigurations = (
				6480C051232BF2D000942E69 /* Debug */,
				6480C052232BF2D000942E69 /* Release */,
			);
			defaultConfigurationIsVisible = 0;
			defaultConfigurationName = Release;
		};
		6480C053232BF2D000942E69 /* Build configuration list for PBXNativeTarget "RoutedService" */ = {
			isa = XCConfigurationList;
			buildConfigurations = (
				6480C054232BF2D000942E69 /* Debug */,
				6480C055232BF2D000942E69 /* Release */,
			);
			defaultConfigurationIsVisible = 0;
			defaultConfigurationName = Release;
		};
/* End XCConfigurationList section */
	};
	rootObject = 6480C042232BF2D000942E69 /* Project object */;
}
